
Microsoft Visual Studio Solution File, Format Version 12.00
# Visual Studio Version 17
VisualStudioVersion = 17.2.32516.85
MinimumVisualStudioVersion = 10.0.40219.1
Project("{FAE04EC0-301F-11D3-BF4B-00C04F79EFBC}") = "CorrectDemo", "CorrectDemo\CorrectDemo.csproj", "{840759EE-8CCD-494C-A191-79F58119F43D}"
EndProject
Global
	GlobalSection(SolutionConfigurationPlatforms) = preSolution
		Debug|Any CPU = Debug|Any CPU
		Release|Any CPU = Release|Any CPU
	EndGlobalSection
	GlobalSection(ProjectConfigurationPlatforms) = postSolution
		{840759EE-8CCD-494C-A191-79F58119F43D}.Debug|Any CPU.ActiveCfg = Debug|Any CPU
		{840759EE-8CCD-494C-A191-79F58119F43D}.Debug|Any CPU.Build.0 = Debug|Any CPU
		{840759EE-8CCD-494C-A191-79F58119F43D}.Release|Any CPU.ActiveCfg = Release|Any CPU
		{840759EE-8CCD-494C-A191-79F58119F43D}.Release|Any CPU.Build.0 = Release|Any CPU
	EndGlobalSection
	GlobalSection(SolutionProperties) = preSolution
		HideSolutionNode = FALSE
	EndGlobalSection
	GlobalSection(ExtensibilityGlobals) = postSolution
		SolutionGuid = {3C660734-A16E-4506-B98C-06A78959A923}
	EndGlobalSection
EndGlobal
